{
  "version": 4,
  "terraform_version": "1.3.7",
  "serial": 4,
  "lineage": "6e724e32-8fbf-e089-231a-77d770452df9",
  "outputs": {},
  "resources": [
    {
      "mode": "managed",
      "type": "cloudflare_worker_script",
      "name": "gdol",
      "provider": "provider[\"registry.terraform.io/cloudflare/cloudflare\"]",
      "instances": [
        {
          "schema_version": 0,
          "attributes": {
            "account_id": "363a63b9c447a0da5928d76260a658fb",
            "analytics_engine_binding": [],
            "content": "var t={async fetch(e){return new Response(\"Hello GDOL!\")}};export{t as default};\n",
            "id": "gdol",
            "kv_namespace_binding": [],
            "module": true,
            "name": "gdol",
            "plain_text_binding": [],
            "r2_bucket_binding": [],
            "secret_text_binding": [],
            "service_binding": [],
            "webassembly_binding": []
          },
          "sensitive_attributes": [],
          "private": "bnVsbA=="
        }
      ]
    }
  ],
  "check_results": null
}
